
Microsoft Visual Studio Solution File, Format Version 12.00
# Visual Studio Version 17
VisualStudioVersion = 17.3.32811.315
MinimumVisualStudioVersion = 10.0.40219.1
Project("{9A19103F-16F7-4668-BE54-9A1E7A4F7556}") = "DaghanDigital.Core", "DaghanDigital.Core\DaghanDigital.Core.csproj", "{0E4E9605-6096-4475-BE74-720CC8145B2C}"
EndProject
Project("{9A19103F-16F7-4668-BE54-9A1E7A4F7556}") = "DaghanDigital.Repository", "DaghanDigital.Repository\DaghanDigital.Repository.csproj", "{8A123341-E28A-462C-BA46-7E57EAD7968F}"
EndProject
Project("{9A19103F-16F7-4668-BE54-9A1E7A4F7556}") = "DaghanDigital.Service", "DaghanDigital.Service\DaghanDigital.Service.csproj", "{3DDB40F7-A883-4E21-B82A-0B3751011B78}"
EndProject
Project("{9A19103F-16F7-4668-BE54-9A1E7A4F7556}") = "DaghanDigital.Caching", "DaghanDigital.Caching\DaghanDigital.Caching.csproj", "{86BDAB0C-FB34-448D-A9CC-26FCCC201EAB}"
EndProject
Project("{2150E333-8FDC-42A3-9474-1A3956D46DE8}") = "Solution Items", "Solution Items", "{096502A7-9297-4487-A34A-A4A4894B34A1}"
	ProjectSection(SolutionItems) = preProject
		.editorconfig = .editorconfig
		Port.txt = Port.txt
	EndProjectSection
EndProject
Project("{9A19103F-16F7-4668-BE54-9A1E7A4F7556}") = "DaghanDigital.WebUI", "DaghanDigital.WebUI\DaghanDigital.WebUI.csproj", "{B88AB702-F7C5-4A0E-9567-4A04D1CBE637}"
EndProject
Project("{9A19103F-16F7-4668-BE54-9A1E7A4F7556}") = "DaghanDigital.WebAPI", "DaghanDigital.WebAPI\DaghanDigital.WebAPI.csproj", "{FD91D9FA-9FCB-4834-AA5D-31C1C955CCA2}"
EndProject
Global
	GlobalSection(SolutionConfigurationPlatforms) = preSolution
		Debug|Any CPU = Debug|Any CPU
		Release|Any CPU = Release|Any CPU
	EndGlobalSection
	GlobalSection(ProjectConfigurationPlatforms) = postSolution
		{0E4E9605-6096-4475-BE74-720CC8145B2C}.Debug|Any CPU.ActiveCfg = Debug|Any CPU
		{0E4E9605-6096-4475-BE74-720CC8145B2C}.Debug|Any CPU.Build.0 = Debug|Any CPU
		{0E4E9605-6096-4475-BE74-720CC8145B2C}.Release|Any CPU.ActiveCfg = Release|Any CPU
		{0E4E9605-6096-4475-BE74-720CC8145B2C}.Release|Any CPU.Build.0 = Release|Any CPU
		{8A123341-E28A-462C-BA46-7E57EAD7968F}.Debug|Any CPU.ActiveCfg = Debug|Any CPU
		{8A123341-E28A-462C-BA46-7E57EAD7968F}.Debug|Any CPU.Build.0 = Debug|Any CPU
		{8A123341-E28A-462C-BA46-7E57EAD7968F}.Release|Any CPU.ActiveCfg = Release|Any CPU
		{8A123341-E28A-462C-BA46-7E57EAD7968F}.Release|Any CPU.Build.0 = Release|Any CPU
		{3DDB40F7-A883-4E21-B82A-0B3751011B78}.Debug|Any CPU.ActiveCfg = Debug|Any CPU
		{3DDB40F7-A883-4E21-B82A-0B3751011B78}.Debug|Any CPU.Build.0 = Debug|Any CPU
		{3DDB40F7-A883-4E21-B82A-0B3751011B78}.Release|Any CPU.ActiveCfg = Release|Any CPU
		{3DDB40F7-A883-4E21-B82A-0B3751011B78}.Release|Any CPU.Build.0 = Release|Any CPU
		{86BDAB0C-FB34-448D-A9CC-26FCCC201EAB}.Debug|Any CPU.ActiveCfg = Debug|Any CPU
		{86BDAB0C-FB34-448D-A9CC-26FCCC201EAB}.Debug|Any CPU.Build.0 = Debug|Any CPU
		{86BDAB0C-FB34-448D-A9CC-26FCCC201EAB}.Release|Any CPU.ActiveCfg = Release|Any CPU
		{86BDAB0C-FB34-448D-A9CC-26FCCC201EAB}.Release|Any CPU.Build.0 = Release|Any CPU
		{B88AB702-F7C5-4A0E-9567-4A04D1CBE637}.Debug|Any CPU.ActiveCfg = Debug|Any CPU
		{B88AB702-F7C5-4A0E-9567-4A04D1CBE637}.Debug|Any CPU.Build.0 = Debug|Any CPU
		{B88AB702-F7C5-4A0E-9567-4A04D1CBE637}.Release|Any CPU.ActiveCfg = Release|Any CPU
		{B88AB702-F7C5-4A0E-9567-4A04D1CBE637}.Release|Any CPU.Build.0 = Release|Any CPU
		{FD91D9FA-9FCB-4834-AA5D-31C1C955CCA2}.Debug|Any CPU.ActiveCfg = Debug|Any CPU
		{FD91D9FA-9FCB-4834-AA5D-31C1C955CCA2}.Debug|Any CPU.Build.0 = Debug|Any CPU
		{FD91D9FA-9FCB-4834-AA5D-31C1C955CCA2}.Release|Any CPU.ActiveCfg = Release|Any CPU
		{FD91D9FA-9FCB-4834-AA5D-31C1C955CCA2}.Release|Any CPU.Build.0 = Release|Any CPU
	EndGlobalSection
	GlobalSection(SolutionProperties) = preSolution
		HideSolutionNode = FALSE
	EndGlobalSection
	GlobalSection(ExtensibilityGlobals) = postSolution
		SolutionGuid = {936044C3-7DBC-4966-90E4-90FB98E0C5F6}
	EndGlobalSection
EndGlobal
